
Microsoft Visual Studio Solution File, Format Version 12.00
# Visual Studio Version 16
VisualStudioVersion = 16.0.34031.81
MinimumVisualStudioVersion = 10.0.40219.1
Project("{2150E333-8FDC-42A3-9474-1A3956D46DE8}") = "Task0", "Task0", "{6134EEFA-616B-4576-BBEE-77B1BA126BF8}"
EndProject
Project("{FAE04EC0-301F-11D3-BF4B-00C04F79EFBC}") = "Tyuiu.KonovalovaAO.Sprint5.Task0.V11", "Tyuiu.KonovalovaAO.Sprint5.Task0.V11\Tyuiu.KonovalovaAO.Sprint5.Task0.V11.csproj", "{45781F15-81EA-4E4A-A7A1-7DE32DBA923D}"
EndProject
Project("{FAE04EC0-301F-11D3-BF4B-00C04F79EFBC}") = "Tyuiu.KonovalovaAO.Sprint5.Task0.V11.Lib", "Tyuiu.KonovalovaAO.Sprint5.Task0.V11.Lib\Tyuiu.KonovalovaAO.Sprint5.Task0.V11.Lib.csproj", "{0AFCB8AF-0770-43BB-9A74-1BAE4EAF95A6}"
EndProject
Project("{FAE04EC0-301F-11D3-BF4B-00C04F79EFBC}") = "Tyuiu.KonovalovaAO.Sprint5.Task0.V11.Test", "Tyuiu.KonovalovaAO.Sprint5.Task0.V11.Test\Tyuiu.KonovalovaAO.Sprint5.Task0.V11.Test.csproj", "{1EDF5B28-F5D2-437F-84AE-BA52E7E95E6C}"
EndProject
Project("{2150E333-8FDC-42A3-9474-1A3956D46DE8}") = "Task1", "Task1", "{B110B3E0-8234-423E-BCA6-6B5AB5369ECD}"
EndProject
Project("{FAE04EC0-301F-11D3-BF4B-00C04F79EFBC}") = "Tyuiu.KonovalovaAO.Sprint5.Task1.V29", "Tyuiu.KonovalovaAO.Sprint5.Task1.V29\Tyuiu.KonovalovaAO.Sprint5.Task1.V29.csproj", "{931E2F05-A157-420A-A1D9-535AC75CB6AA}"
EndProject
Project("{FAE04EC0-301F-11D3-BF4B-00C04F79EFBC}") = "Tyuiu.KonovalovaAO.Sprint5.Task1.V29.Lib", "Tyuiu.KonovalovaAO.Sprint5.Task1.V29.Lib\Tyuiu.KonovalovaAO.Sprint5.Task1.V29.Lib.csproj", "{3BA0903D-AB75-47A8-8C13-EC287C534FBB}"
EndProject
Project("{FAE04EC0-301F-11D3-BF4B-00C04F79EFBC}") = "Tyuiu.KonovalovaAO.Sprint5.Task1.V29.Test", "Tyuiu.KonovalovaAO.Sprint5.Task1.V29.Test\Tyuiu.KonovalovaAO.Sprint5.Task1.V29.Test.csproj", "{D09EFDF1-9495-4C7C-B4EB-CB56FDC0446B}"
EndProject
Project("{2150E333-8FDC-42A3-9474-1A3956D46DE8}") = "Task2", "Task2", "{BEFACAB1-BD1F-465B-AE3D-EE05B34BF06E}"
EndProject
Project("{FAE04EC0-301F-11D3-BF4B-00C04F79EFBC}") = "Tyuiu.KonovalovaAO.Sprint5.Task2.V7", "Tyuiu.KonovalovaAO.Sprint5.Task2.V7\Tyuiu.KonovalovaAO.Sprint5.Task2.V7.csproj", "{B1CB92EB-C990-4BF1-8FB9-06BC3D33490B}"
EndProject
Project("{FAE04EC0-301F-11D3-BF4B-00C04F79EFBC}") = "Tyuiu.KonovalovaAO.Sprint5.Task2.V7.Lib", "Tyuiu.KonovalovaAO.Sprint5.Task2.V7.Lib\Tyuiu.KonovalovaAO.Sprint5.Task2.V7.Lib.csproj", "{14A547A5-9346-4AC8-95F5-BC4072C520AD}"
EndProject
Project("{FAE04EC0-301F-11D3-BF4B-00C04F79EFBC}") = "Tyuiu.KonovalovaAO.Sprint5.Task2.V7.Test", "Tyuiu.KonovalovaAO.Sprint5.Task2.V7.Test\Tyuiu.KonovalovaAO.Sprint5.Task2.V7.Test.csproj", "{B725B7D1-0F6E-475B-BA67-4B2BBA6B9333}"
EndProject
Global
	GlobalSection(SolutionConfigurationPlatforms) = preSolution
		Debug|Any CPU = Debug|Any CPU
		Release|Any CPU = Release|Any CPU
	EndGlobalSection
	GlobalSection(ProjectConfigurationPlatforms) = postSolution
		{45781F15-81EA-4E4A-A7A1-7DE32DBA923D}.Debug|Any CPU.ActiveCfg = Debug|Any CPU
		{45781F15-81EA-4E4A-A7A1-7DE32DBA923D}.Debug|Any CPU.Build.0 = Debug|Any CPU
		{45781F15-81EA-4E4A-A7A1-7DE32DBA923D}.Release|Any CPU.ActiveCfg = Release|Any CPU
		{45781F15-81EA-4E4A-A7A1-7DE32DBA923D}.Release|Any CPU.Build.0 = Release|Any CPU
		{0AFCB8AF-0770-43BB-9A74-1BAE4EAF95A6}.Debug|Any CPU.ActiveCfg = Debug|Any CPU
		{0AFCB8AF-0770-43BB-9A74-1BAE4EAF95A6}.Debug|Any CPU.Build.0 = Debug|Any CPU
		{0AFCB8AF-0770-43BB-9A74-1BAE4EAF95A6}.Release|Any CPU.ActiveCfg = Release|Any CPU
		{0AFCB8AF-0770-43BB-9A74-1BAE4EAF95A6}.Release|Any CPU.Build.0 = Release|Any CPU
		{1EDF5B28-F5D2-437F-84AE-BA52E7E95E6C}.Debug|Any CPU.ActiveCfg = Debug|Any CPU
		{1EDF5B28-F5D2-437F-84AE-BA52E7E95E6C}.Debug|Any CPU.Build.0 = Debug|Any CPU
		{1EDF5B28-F5D2-437F-84AE-BA52E7E95E6C}.Release|Any CPU.ActiveCfg = Release|Any CPU
		{1EDF5B28-F5D2-437F-84AE-BA52E7E95E6C}.Release|Any CPU.Build.0 = Release|Any CPU
		{931E2F05-A157-420A-A1D9-535AC75CB6AA}.Debug|Any CPU.ActiveCfg = Debug|Any CPU
		{931E2F05-A157-420A-A1D9-535AC75CB6AA}.Debug|Any CPU.Build.0 = Debug|Any CPU
		{931E2F05-A157-420A-A1D9-535AC75CB6AA}.Release|Any CPU.ActiveCfg = Release|Any CPU
		{931E2F05-A157-420A-A1D9-535AC75CB6AA}.Release|Any CPU.Build.0 = Release|Any CPU
		{3BA0903D-AB75-47A8-8C13-EC287C534FBB}.Debug|Any CPU.ActiveCfg = Debug|Any CPU
		{3BA0903D-AB75-47A8-8C13-EC287C534FBB}.Debug|Any CPU.Build.0 = Debug|Any CPU
		{3BA0903D-AB75-47A8-8C13-EC287C534FBB}.Release|Any CPU.ActiveCfg = Release|Any CPU
		{3BA0903D-AB75-47A8-8C13-EC287C534FBB}.Release|Any CPU.Build.0 = Release|Any CPU
		{D09EFDF1-9495-4C7C-B4EB-CB56FDC0446B}.Debug|Any CPU.ActiveCfg = Debug|Any CPU
		{D09EFDF1-9495-4C7C-B4EB-CB56FDC0446B}.Debug|Any CPU.Build.0 = Debug|Any CPU
		{D09EFDF1-9495-4C7C-B4EB-CB56FDC0446B}.Release|Any CPU.ActiveCfg = Release|Any CPU
		{D09EFDF1-9495-4C7C-B4EB-CB56FDC0446B}.Release|Any CPU.Build.0 = Release|Any CPU
		{B1CB92EB-C990-4BF1-8FB9-06BC3D33490B}.Debug|Any CPU.ActiveCfg = Debug|Any CPU
		{B1CB92EB-C990-4BF1-8FB9-06BC3D33490B}.Debug|Any CPU.Build.0 = Debug|Any CPU
		{B1CB92EB-C990-4BF1-8FB9-06BC3D33490B}.Release|Any CPU.ActiveCfg = Release|Any CPU
		{B1CB92EB-C990-4BF1-8FB9-06BC3D33490B}.Release|Any CPU.Build.0 = Release|Any CPU
		{14A547A5-9346-4AC8-95F5-BC4072C520AD}.Debug|Any CPU.ActiveCfg = Debug|Any CPU
		{14A547A5-9346-4AC8-95F5-BC4072C520AD}.Debug|Any CPU.Build.0 = Debug|Any CPU
		{14A547A5-9346-4AC8-95F5-BC4072C520AD}.Release|Any CPU.ActiveCfg = Release|Any CPU
		{14A547A5-9346-4AC8-95F5-BC4072C520AD}.Release|Any CPU.Build.0 = Release|Any CPU
		{B725B7D1-0F6E-475B-BA67-4B2BBA6B9333}.Debug|Any CPU.ActiveCfg = Debug|Any CPU
		{B725B7D1-0F6E-475B-BA67-4B2BBA6B9333}.Debug|Any CPU.Build.0 = Debug|Any CPU
		{B725B7D1-0F6E-475B-BA67-4B2BBA6B9333}.Release|Any CPU.ActiveCfg = Release|Any CPU
		{B725B7D1-0F6E-475B-BA67-4B2BBA6B9333}.Release|Any CPU.Build.0 = Release|Any CPU
	EndGlobalSection
	GlobalSection(SolutionProperties) = preSolution
		HideSolutionNode = FALSE
	EndGlobalSection
	GlobalSection(NestedProjects) = preSolution
		{45781F15-81EA-4E4A-A7A1-7DE32DBA923D} = {6134EEFA-616B-4576-BBEE-77B1BA126BF8}
		{0AFCB8AF-0770-43BB-9A74-1BAE4EAF95A6} = {6134EEFA-616B-4576-BBEE-77B1BA126BF8}
		{1EDF5B28-F5D2-437F-84AE-BA52E7E95E6C} = {6134EEFA-616B-4576-BBEE-77B1BA126BF8}
		{931E2F05-A157-420A-A1D9-535AC75CB6AA} = {B110B3E0-8234-423E-BCA6-6B5AB5369ECD}
		{3BA0903D-AB75-47A8-8C13-EC287C534FBB} = {B110B3E0-8234-423E-BCA6-6B5AB5369ECD}
		{D09EFDF1-9495-4C7C-B4EB-CB56FDC0446B} = {B110B3E0-8234-423E-BCA6-6B5AB5369ECD}
		{B1CB92EB-C990-4BF1-8FB9-06BC3D33490B} = {BEFACAB1-BD1F-465B-AE3D-EE05B34BF06E}
		{14A547A5-9346-4AC8-95F5-BC4072C520AD} = {BEFACAB1-BD1F-465B-AE3D-EE05B34BF06E}
		{B725B7D1-0F6E-475B-BA67-4B2BBA6B9333} = {BEFACAB1-BD1F-465B-AE3D-EE05B34BF06E}
	EndGlobalSection
	GlobalSection(ExtensibilityGlobals) = postSolution
		SolutionGuid = {ECD71C25-A221-47F8-9B3B-F2F614535564}
	EndGlobalSection
EndGlobal
